# THIS IS AN AUTOGENERATED FILE. DO NOT EDIT THIS FILE DIRECTLY.
# yarn lockfile v1


jquery@>=1.7.0:
  version "3.2.1"
  resolved "https://registry.yarnpkg.com/jquery/-/jquery-3.2.1.tgz#5c4d9de652af6cd0a770154a631bba12b015c787"

lg-fullscreen@^1.0.1:
  version "1.0.1"
  resolved "https://registry.yarnpkg.com/lg-fullscreen/-/lg-fullscreen-1.0.1.tgz#6207ca819d91e1b6fa6b6d37705e269bc01d2f53"
  dependencies:
    jquery ">=1.7.0"

lightgallery.js@^1.0.1:
  version "1.0.1"
  resolved "https://registry.yarnpkg.com/lightgallery.js/-/lightgallery.js-1.0.1.tgz#5107b45f8c6cee104adfe2a7db4a16ea3f4ce664"
